// !$*UTF8*$!
{
	archiveVersion = 1;
	classes = {
	};
	objectVersion = 46;
	objects = {

/* Begin PBXBuildFile section */
		71C4ACAE1D6E385400B31F71 /* SafariServices.framework in Frameworks */ = {isa = PBXBuildFile; fileRef = 71C4ACAD1D6E385400B31F71 /* SafariServices.framework */; };
		71F1DAEE1D6E3B3B008B758E /* JavaScriptCore.framework in Frameworks */ = {isa = PBXBuildFile; fileRef = 71F1DAED1D6E3B3A008B758E /* JavaScriptCore.framework */; };
		EC1F5E721A2FAFFF0000E0AF /* StoreKit.framework in Frameworks */ = {isa = PBXBuildFile; fileRef = EC1F5E711A2FAFFF0000E0AF /* StoreKit.framework */; };
		EC42DE491A23FD05005ED8A6 /* AmazonAd.framework in Frameworks */ = {isa = PBXBuildFile; fileRef = EC42DE481A23FD05005ED8A6 /* AmazonAd.framework */; };
		EC66579E1A031B8400678CF2 /* AppDelegate.swift in Sources */ = {isa = PBXBuildFile; fileRef = EC66579D1A031B8400678CF2 /* AppDelegate.swift */; };
		EC6657A01A031B8400678CF2 /* ViewController.swift in Sources */ = {isa = PBXBuildFile; fileRef = EC66579F1A031B8400678CF2 /* ViewController.swift */; };
		EC6657A31A031B8400678CF2 /* Main.storyboard in Resources */ = {isa = PBXBuildFile; fileRef = EC6657A11A031B8400678CF2 /* Main.storyboard */; };
		EC6657A51A031B8400678CF2 /* Images.xcassets in Resources */ = {isa = PBXBuildFile; fileRef = EC6657A41A031B8400678CF2 /* Images.xcassets */; };
		EC99F5141A30F69B009466EB /* CoreGraphics.framework in Frameworks */ = {isa = PBXBuildFile; fileRef = EC99F5131A30F69B009466EB /* CoreGraphics.framework */; };
		ECEF29741A04113F001F9D0C /* Foundation.framework in Frameworks */ = {isa = PBXBuildFile; fileRef = ECEF29691A04113E001F9D0C /* Foundation.framework */; };
		ECEF29751A04113F001F9D0C /* UIKit.framework in Frameworks */ = {isa = PBXBuildFile; fileRef = ECEF296A1A04113E001F9D0C /* UIKit.framework */; };
		ECEF29761A04113F001F9D0C /* AdSupport.framework in Frameworks */ = {isa = PBXBuildFile; fileRef = ECEF296B1A04113E001F9D0C /* AdSupport.framework */; };
		ECEF29771A04113F001F9D0C /* CoreLocation.framework in Frameworks */ = {isa = PBXBuildFile; fileRef = ECEF296C1A04113E001F9D0C /* CoreLocation.framework */; };
		ECEF29781A04113F001F9D0C /* SystemConfiguration.framework in Frameworks */ = {isa = PBXBuildFile; fileRef = ECEF296D1A04113E001F9D0C /* SystemConfiguration.framework */; };
		ECEF29791A04113F001F9D0C /* MediaPlayer.framework in Frameworks */ = {isa = PBXBuildFile; fileRef = ECEF296E1A04113E001F9D0C /* MediaPlayer.framework */; };
		ECEF297D1A04113F001F9D0C /* CoreTelephony.framework in Frameworks */ = {isa = PBXBuildFile; fileRef = ECEF29721A04113E001F9D0C /* CoreTelephony.framework */; };
/* End PBXBuildFile section */

/* Begin PBXFileReference section */
		71C4ACAD1D6E385400B31F71 /* SafariServices.framework */ = {isa = PBXFileReference; lastKnownFileType = wrapper.framework; name = SafariServices.framework; path = System/Library/Frameworks/SafariServices.framework; sourceTree = SDKROOT; };
		71F1DAED1D6E3B3A008B758E /* JavaScriptCore.framework */ = {isa = PBXFileReference; lastKnownFileType = wrapper.framework; name = JavaScriptCore.framework; path = System/Library/Frameworks/JavaScriptCore.framework; sourceTree = SDKROOT; };
		EC1F5E711A2FAFFF0000E0AF /* StoreKit.framework */ = {isa = PBXFileReference; lastKnownFileType = wrapper.framework; name = StoreKit.framework; path = System/Library/Frameworks/StoreKit.framework; sourceTree = SDKROOT; };
		EC42DE481A23FD05005ED8A6 /* AmazonAd.framework */ = {isa = PBXFileReference; lastKnownFileType = wrapper.framework; name = AmazonAd.framework; path = ../AmazonAd/AmazonAd.framework; sourceTree = "<group>"; };
		EC6657981A031B8400678CF2 /* InterstitialAdUniversalSample_Swift.app */ = {isa = PBXFileReference; explicitFileType = wrapper.application; includeInIndex = 0; path = InterstitialAdUniversalSample_Swift.app; sourceTree = BUILT_PRODUCTS_DIR; };
		EC66579C1A031B8400678CF2 /* Info.plist */ = {isa = PBXFileReference; lastKnownFileType = text.plist.xml; path = Info.plist; sourceTree = "<group>"; };
		EC66579D1A031B8400678CF2 /* AppDelegate.swift */ = {isa = PBXFileReference; lastKnownFileType = sourcecode.swift; path = AppDelegate.swift; sourceTree = "<group>"; };
		EC66579F1A031B8400678CF2 /* ViewController.swift */ = {isa = PBXFileReference; lastKnownFileType = sourcecode.swift; path = ViewController.swift; sourceTree = "<group>"; };
		EC6657A21A031B8400678CF2 /* Base */ = {isa = PBXFileReference; lastKnownFileType = file.storyboard; name = Base; path = Base.lproj/Main.storyboard; sourceTree = "<group>"; };
		EC6657A41A031B8400678CF2 /* Images.xcassets */ = {isa = PBXFileReference; lastKnownFileType = folder.assetcatalog; path = Images.xcassets; sourceTree = "<group>"; };
		EC99F5131A30F69B009466EB /* CoreGraphics.framework */ = {isa = PBXFileReference; lastKnownFileType = wrapper.framework; name = CoreGraphics.framework; path = System/Library/Frameworks/CoreGraphics.framework; sourceTree = SDKROOT; };
		ECEF29651A0410DA001F9D0C /* InterstitialAdUniversalSample_Swift-Bridging-Header.h */ = {isa = PBXFileReference; lastKnownFileType = sourcecode.c.h; path = "InterstitialAdUniversalSample_Swift-Bridging-Header.h"; sourceTree = SOURCE_ROOT; };
		ECEF29691A04113E001F9D0C /* Foundation.framework */ = {isa = PBXFileReference; lastKnownFileType = wrapper.framework; name = Foundation.framework; path = /Applications/Xcode.app/Contents/Developer/Platforms/iPhoneOS.platform/Developer/SDKs/iPhoneOS8.1.sdk/System/Library/Frameworks/Foundation.framework; sourceTree = "<absolute>"; };
		ECEF296A1A04113E001F9D0C /* UIKit.framework */ = {isa = PBXFileReference; lastKnownFileType = wrapper.framework; name = UIKit.framework; path = /Applications/Xcode.app/Contents/Developer/Platforms/iPhoneOS.platform/Developer/SDKs/iPhoneOS8.1.sdk/System/Library/Frameworks/UIKit.framework; sourceTree = "<absolute>"; };
		ECEF296B1A04113E001F9D0C /* AdSupport.framework */ = {isa = PBXFileReference; lastKnownFileType = wrapper.framework; name = AdSupport.framework; path = /Applications/Xcode.app/Contents/Developer/Platforms/iPhoneOS.platform/Developer/SDKs/iPhoneOS8.1.sdk/System/Library/Frameworks/AdSupport.framework; sourceTree = "<absolute>"; };
		ECEF296C1A04113E001F9D0C /* CoreLocation.framework */ = {isa = PBXFileReference; lastKnownFileType = wrapper.framework; name = CoreLocation.framework; path = /Applications/Xcode.app/Contents/Developer/Platforms/iPhoneOS.platform/Developer/SDKs/iPhoneOS8.1.sdk/System/Library/Frameworks/CoreLocation.framework; sourceTree = "<absolute>"; };
		ECEF296D1A04113E001F9D0C /* SystemConfiguration.framework */ = {isa = PBXFileReference; lastKnownFileType = wrapper.framework; name = SystemConfiguration.framework; path = /Applications/Xcode.app/Contents/Developer/Platforms/iPhoneOS.platform/Developer/SDKs/iPhoneOS8.1.sdk/System/Library/Frameworks/SystemConfiguration.framework; sourceTree = "<absolute>"; };
		ECEF296E1A04113E001F9D0C /* MediaPlayer.framework */ = {isa = PBXFileReference; lastKnownFileType = wrapper.framework; name = MediaPlayer.framework; path = /Applications/Xcode.app/Contents/Developer/Platforms/iPhoneOS.platform/Developer/SDKs/iPhoneOS8.1.sdk/System/Library/Frameworks/MediaPlayer.framework; sourceTree = "<absolute>"; };
		ECEF29721A04113E001F9D0C /* CoreTelephony.framework */ = {isa = PBXFileReference; lastKnownFileType = wrapper.framework; name = CoreTelephony.framework; path = /Applications/Xcode.app/Contents/Developer/Platforms/iPhoneOS.platform/Developer/SDKs/iPhoneOS8.1.sdk/System/Library/Frameworks/CoreTelephony.framework; sourceTree = "<absolute>"; };
/* End PBXFileReference section */

/* Begin PBXFrameworksBuildPhase section */
		EC6657951A031B8400678CF2 /* Frameworks */ = {
			isa = PBXFrameworksBuildPhase;
			buildActionMask = 2147483647;
			files = (
				71F1DAEE1D6E3B3B008B758E /* JavaScriptCore.framework in Frameworks */,
				71C4ACAE1D6E385400B31F71 /* SafariServices.framework in Frameworks */,
				EC99F5141A30F69B009466EB /* CoreGraphics.framework in Frameworks */,
				EC1F5E721A2FAFFF0000E0AF /* StoreKit.framework in Frameworks */,
				EC42DE491A23FD05005ED8A6 /* AmazonAd.framework in Frameworks */,
				ECEF29771A04113F001F9D0C /* CoreLocation.framework in Frameworks */,
				ECEF297D1A04113F001F9D0C /* CoreTelephony.framework in Frameworks */,
				ECEF29781A04113F001F9D0C /* SystemConfiguration.framework in Frameworks */,
				ECEF29741A04113F001F9D0C /* Foundation.framework in Frameworks */,
				ECEF29751A04113F001F9D0C /* UIKit.framework in Frameworks */,
				ECEF29791A04113F001F9D0C /* MediaPlayer.framework in Frameworks */,
				ECEF29761A04113F001F9D0C /* AdSupport.framework in Frameworks */,
			);
			runOnlyForDeploymentPostprocessing = 0;
		};
/* End PBXFrameworksBuildPhase section */

/* Begin PBXGroup section */
		719B87A01DA5748D004EFBB7 /* Frameworks */ = {
			isa = PBXGroup;
			children = (
				71F1DAED1D6E3B3A008B758E /* JavaScriptCore.framework */,
				71C4ACAD1D6E385400B31F71 /* SafariServices.framework */,
				EC99F5131A30F69B009466EB /* CoreGraphics.framework */,
				EC1F5E711A2FAFFF0000E0AF /* StoreKit.framework */,
				EC42DE481A23FD05005ED8A6 /* AmazonAd.framework */,
				ECEF29691A04113E001F9D0C /* Foundation.framework */,
				ECEF296A1A04113E001F9D0C /* UIKit.framework */,
				ECEF296B1A04113E001F9D0C /* AdSupport.framework */,
				ECEF296C1A04113E001F9D0C /* CoreLocation.framework */,
				ECEF296D1A04113E001F9D0C /* SystemConfiguration.framework */,
				ECEF296E1A04113E001F9D0C /* MediaPlayer.framework */,
				ECEF29721A04113E001F9D0C /* CoreTelephony.framework */,
			);
			name = Frameworks;
			sourceTree = "<group>";
		};
		EC66578F1A031B8400678CF2 = {
			isa = PBXGroup;
			children = (
				EC66579A1A031B8400678CF2 /* InterstitialAdUniversalSample_Swift */,
				EC6657991A031B8400678CF2 /* Products */,
				719B87A01DA5748D004EFBB7 /* Frameworks */,
			);
			sourceTree = "<group>";
		};
		EC6657991A031B8400678CF2 /* Products */ = {
			isa = PBXGroup;
			children = (
				EC6657981A031B8400678CF2 /* InterstitialAdUniversalSample_Swift.app */,
			);
			name = Products;
			sourceTree = "<group>";
		};
		EC66579A1A031B8400678CF2 /* InterstitialAdUniversalSample_Swift */ = {
			isa = PBXGroup;
			children = (
				EC66579D1A031B8400678CF2 /* AppDelegate.swift */,
				EC66579F1A031B8400678CF2 /* ViewController.swift */,
				ECEF29651A0410DA001F9D0C /* InterstitialAdUniversalSample_Swift-Bridging-Header.h */,
				EC6657A11A031B8400678CF2 /* Main.storyboard */,
				EC6657A41A031B8400678CF2 /* Images.xcassets */,
				EC66579B1A031B8400678CF2 /* Supporting Files */,
			);
			path = InterstitialAdUniversalSample_Swift;
			sourceTree = "<group>";
		};
		EC66579B1A031B8400678CF2 /* Supporting Files */ = {
			isa = PBXGroup;
			children = (
				EC66579C1A031B8400678CF2 /* Info.plist */,
			);
			name = "Supporting Files";
			sourceTree = "<group>";
		};
/* End PBXGroup section */

/* Begin PBXNativeTarget section */
		EC6657971A031B8400678CF2 /* InterstitialAdUniversalSample_Swift */ = {
			isa = PBXNativeTarget;
			buildConfigurationList = EC6657B71A031B8400678CF2 /* Build configuration list for PBXNativeTarget "InterstitialAdUniversalSample_Swift" */;
			buildPhases = (
				EC6657941A031B8400678CF2 /* Sources */,
				EC6657951A031B8400678CF2 /* Frameworks */,
				EC6657961A031B8400678CF2 /* Resources */,
			);
			buildRules = (
			);
			dependencies = (
			);
			name = InterstitialAdUniversalSample_Swift;
			productName = InterstitialAdUniversalSample_Swift;
			productReference = EC6657981A031B8400678CF2 /* InterstitialAdUniversalSample_Swift.app */;
			productType = "com.apple.product-type.application";
		};
/* End PBXNativeTarget section */

/* Begin PBXProject section */
		EC6657901A031B8400678CF2 /* Project object */ = {
			isa = PBXProject;
			attributes = {
				LastSwiftUpdateCheck = 0710;
				LastUpgradeCheck = 1000;
				ORGANIZATIONNAME = "Zhao, Xing";
				TargetAttributes = {
					EC6657971A031B8400678CF2 = {
						CreatedOnToolsVersion = 6.1;
						LastSwiftMigration = 0800;
					};
				};
			};
			buildConfigurationList = EC6657931A031B8400678CF2 /* Build configuration list for PBXProject "InterstitialAdUniversalSample_Swift" */;
			compatibilityVersion = "Xcode 3.2";
			developmentRegion = English;
			hasScannedForEncodings = 0;
			knownRegions = (
				en,
				Base,
			);
			mainGroup = EC66578F1A031B8400678CF2;
			productRefGroup = EC6657991A031B8400678CF2 /* Products */;
			projectDirPath = "";
			projectRoot = "";
			targets = (
				EC6657971A031B8400678CF2 /* InterstitialAdUniversalSample_Swift */,
			);
		};
/* End PBXProject section */

/* Begin PBXResourcesBuildPhase section */
		EC6657961A031B8400678CF2 /* Resources */ = {
			isa = PBXResourcesBuildPhase;
			buildActionMask = 2147483647;
			files = (
				EC6657A31A031B8400678CF2 /* Main.storyboard in Resources */,
				EC6657A51A031B8400678CF2 /* Images.xcassets in Resources */,
			);
			runOnlyForDeploymentPostprocessing = 0;
		};
/* End PBXResourcesBuildPhase section */

/* Begin PBXSourcesBuildPhase section */
		EC6657941A031B8400678CF2 /* Sources */ = {
			isa = PBXSourcesBuildPhase;
			buildActionMask = 2147483647;
			files = (
				EC6657A01A031B8400678CF2 /* ViewController.swift in Sources */,
				EC66579E1A031B8400678CF2 /* AppDelegate.swift in Sources */,
			);
			runOnlyForDeploymentPostprocessing = 0;
		};
/* End PBXSourcesBuildPhase section */

/* Begin PBXVariantGroup section */
		EC6657A11A031B8400678CF2 /* Main.storyboard */ = {
			isa = PBXVariantGroup;
			children = (
				EC6657A21A031B8400678CF2 /* Base */,
			);
			name = Main.storyboard;
			sourceTree = "<group>";
		};
/* End PBXVariantGroup section */

/* Begin XCBuildConfiguration section */
		EC6657B51A031B8400678CF2 /* Debug */ = {
			isa = XCBuildConfiguration;
			buildSettings = {
				ALWAYS_SEARCH_USER_PATHS = NO;
				CLANG_CXX_LANGUAGE_STANDARD = "gnu++0x";
				CLANG_CXX_LIBRARY = "libc++";
				CLANG_ENABLE_MODULES = YES;
				CLANG_ENABLE_OBJC_ARC = YES;
				CLANG_WARN_BLOCK_CAPTURE_AUTORELEASING = YES;
				CLANG_WARN_BOOL_CONVERSION = YES;
				CLANG_WARN_COMMA = YES;
				CLANG_WARN_CONSTANT_CONVERSION = YES;
				CLANG_WARN_DEPRECATED_OBJC_IMPLEMENTATIONS = YES;
				CLANG_WARN_DIRECT_OBJC_ISA_USAGE = YES_ERROR;
				CLANG_WARN_EMPTY_BODY = YES;
				CLANG_WARN_ENUM_CONVERSION = YES;
				CLANG_WARN_INFINITE_RECURSION = YES;
				CLANG_WARN_INT_CONVERSION = YES;
				CLANG_WARN_NON_LITERAL_NULL_CONVERSION = YES;
				CLANG_WARN_OBJC_IMPLICIT_RETAIN_SELF = YES;
				CLANG_WARN_OBJC_LITERAL_CONVERSION = YES;
				CLANG_WARN_OBJC_ROOT_CLASS = YES_ERROR;
				CLANG_WARN_RANGE_LOOP_ANALYSIS = YES;
				CLANG_WARN_STRICT_PROTOTYPES = YES;
				CLANG_WARN_SUSPICIOUS_MOVE = YES;
				CLANG_WARN_UNREACHABLE_CODE = YES;
				CLANG_WARN__DUPLICATE_METHOD_MATCH = YES;
				"CODE_SIGN_IDENTITY[sdk=iphoneos*]" = "iPhone Developer";
				COPY_PHASE_STRIP = NO;
				ENABLE_STRICT_OBJC_MSGSEND = YES;
				ENABLE_TESTABILITY = YES;
				GCC_C_LANGUAGE_STANDARD = gnu99;
				GCC_DYNAMIC_NO_PIC = NO;
				GCC_NO_COMMON_BLOCKS = YES;
				GCC_OPTIMIZATION_LEVEL = 0;
				GCC_PREPROCESSOR_DEFINITIONS = (
					"DEBUG=1",
					"$(inherited)",
				);
				GCC_SYMBOLS_PRIVATE_EXTERN = NO;
				GCC_WARN_64_TO_32_BIT_CONVERSION = YES;
				GCC_WARN_ABOUT_RETURN_TYPE = YES_ERROR;
				GCC_WARN_UNDECLARED_SELECTOR = YES;
				GCC_WARN_UNINITIALIZED_AUTOS = YES_AGGRESSIVE;
				GCC_WARN_UNUSED_FUNCTION = YES;
				GCC_WARN_UNUSED_VARIABLE = YES;
				IPHONEOS_DEPLOYMENT_TARGET = 8.0;
				MTL_ENABLE_DEBUG_INFO = YES;
				ONLY_ACTIVE_ARCH = YES;
				SDKROOT = iphoneos;
				SWIFT_OPTIMIZATION_LEVEL = "-Onone";
			};
			name = Debug;
		};
		EC6657B61A031B8400678CF2 /* Release */ = {
			isa = XCBuildConfiguration;
			buildSettings = {
				ALWAYS_SEARCH_USER_PATHS = NO;
				CLANG_CXX_LANGUAGE_STANDARD = "gnu++0x";
				CLANG_CXX_LIBRARY = "libc++";
				CLANG_ENABLE_MODULES = YES;
				CLANG_ENABLE_OBJC_ARC = YES;
				CLANG_WARN_BLOCK_CAPTURE_AUTORELEASING = YES;
				CLANG_WARN_BOOL_CONVERSION = YES;
				CLANG_WARN_COMMA = YES;
				CLANG_WARN_CONSTANT_CONVERSION = YES;
				CLANG_WARN_DEPRECATED_OBJC_IMPLEMENTATIONS = YES;
				CLANG_WARN_DIRECT_OBJC_ISA_USAGE = YES_ERROR;
				CLANG_WARN_EMPTY_BODY = YES;
				CLANG_WARN_ENUM_CONVERSION = YES;
				CLANG_WARN_INFINITE_RECURSION = YES;
				CLANG_WARN_INT_CONVERSION = YES;
				CLANG_WARN_NON_LITERAL_NULL_CONVERSION = YES;
				CLANG_WARN_OBJC_IMPLICIT_RETAIN_SELF = YES;
				CLANG_WARN_OBJC_LITERAL_CONVERSION = YES;
				CLANG_WARN_OBJC_ROOT_CLASS = YES_ERROR;
				CLANG_WARN_RANGE_LOOP_ANALYSIS = YES;
				CLANG_WARN_STRICT_PROTOTYPES = YES;
				CLANG_WARN_SUSPICIOUS_MOVE = YES;
				CLANG_WARN_UNREACHABLE_CODE = YES;
				CLANG_WARN__DUPLICATE_METHOD_MATCH = YES;
				"CODE_SIGN_IDENTITY[sdk=iphoneos*]" = "iPhone Developer";
				COPY_PHASE_STRIP = YES;
				ENABLE_NS_ASSERTIONS = NO;
				ENABLE_STRICT_OBJC_MSGSEND = YES;
				GCC_C_LANGUAGE_STANDARD = gnu99;
				GCC_NO_COMMON_BLOCKS = YES;
				GCC_WARN_64_TO_32_BIT_CONVERSION = YES;
				GCC_WARN_ABOUT_RETURN_TYPE = YES_ERROR;
				GCC_WARN_UNDECLARED_SELECTOR = YES;
				GCC_WARN_UNINITIALIZED_AUTOS = YES_AGGRESSIVE;
				GCC_WARN_UNUSED_FUNCTION = YES;
				GCC_WARN_UNUSED_VARIABLE = YES;
				IPHONEOS_DEPLOYMENT_TARGET = 8.0;
				MTL_ENABLE_DEBUG_INFO = NO;
				SDKROOT = iphoneos;
				SWIFT_COMPILATION_MODE = wholemodule;
				VALIDATE_PRODUCT = YES;
			};
			name = Release;
		};
		EC6657B81A031B8400678CF2 /* Debug */ = {
			isa = XCBuildConfiguration;
			buildSettings = {
				ASSETCATALOG_COMPILER_APPICON_NAME = AppIcon;
				CLANG_ENABLE_MODULES = YES;
				FRAMEWORK_SEARCH_PATHS = (
					"$(inherited)",
					"\"$(SRCROOT)/../AmazonAd\"",
				);
				GCC_GENERATE_TEST_COVERAGE_FILES = YES;
				GCC_INSTRUMENT_PROGRAM_FLOW_ARCS = YES;
				INFOPLIST_FILE = InterstitialAdUniversalSample_Swift/Info.plist;
				IPHONEOS_DEPLOYMENT_TARGET = 8.0;
				LD_RUNPATH_SEARCH_PATHS = "$(inherited) @executable_path/Frameworks";
				PRODUCT_BUNDLE_IDENTIFIER = "Amazon.$(PRODUCT_NAME:rfc1034identifier)";
				PRODUCT_NAME = "$(TARGET_NAME)";
				SWIFT_OBJC_BRIDGING_HEADER = "InterstitialAdUniversalSample_Swift-Bridging-Header.h";
				SWIFT_OPTIMIZATION_LEVEL = "-Onone";
				SWIFT_VERSION = 3.0;
				TARGETED_DEVICE_FAMILY = "1,2";
			};
			name = Debug;
		};
		EC6657B91A031B8400678CF2 /* Release */ = {
			isa = XCBuildConfiguration;
			buildSettings = {
				ASSETCATALOG_COMPILER_APPICON_NAME = AppIcon;
				CLANG_ENABLE_MODULES = YES;
				FRAMEWORK_SEARCH_PATHS = (
					"$(inherited)",
					"\"$(SRCROOT)/../AmazonAd\"",
				);
				GCC_GENERATE_TEST_COVERAGE_FILES = YES;
				GCC_INSTRUMENT_PROGRAM_FLOW_ARCS = YES;
				INFOPLIST_FILE = InterstitialAdUniversalSample_Swift/Info.plist;
				IPHONEOS_DEPLOYMENT_TARGET = 8.0;
				LD_RUNPATH_SEARCH_PATHS = "$(inherited) @executable_path/Frameworks";
				PRODUCT_BUNDLE_IDENTIFIER = "Amazon.$(PRODUCT_NAME:rfc1034identifier)";
				PRODUCT_NAME = "$(TARGET_NAME)";
				SWIFT_OBJC_BRIDGING_HEADER = "InterstitialAdUniversalSample_Swift-Bridging-Header.h";
				SWIFT_VERSION = 3.0;
				TARGETED_DEVICE_FAMILY = "1,2";
			};
			name = Release;
		};
/* End XCBuildConfiguration section */

/* Begin XCConfigurationList section */
		EC6657931A031B8400678CF2 /* Build configuration list for PBXProject "InterstitialAdUniversalSample_Swift" */ = {
			isa = XCConfigurationList;
			buildConfigurations = (
				EC6657B51A031B8400678CF2 /* Debug */,
				EC6657B61A031B8400678CF2 /* Release */,
			);
			defaultConfigurationIsVisible = 0;
			defaultConfigurationName = Release;
		};
		EC6657B71A031B8400678CF2 /* Build configuration list for PBXNativeTarget "InterstitialAdUniversalSample_Swift" */ = {
			isa = XCConfigurationList;
			buildConfigurations = (
				EC6657B81A031B8400678CF2 /* Debug */,
				EC6657B91A031B8400678CF2 /* Release */,
			);
			defaultConfigurationIsVisible = 0;
			defaultConfigurationName = Release;
		};
/* End XCConfigurationList section */
	};
	rootObject = EC6657901A031B8400678CF2 /* Project object */;
}
